
Microsoft Visual Studio Solution File, Format Version 12.00
Project("{FAE04EC0-301F-11D3-BF4B-00C04F79EFBC}") = "DungeonEscape", "DungeonEscape\DungeonEscape.csproj", "{4831E7C3-6114-4F19-9FED-BC4D57A9E95A}"
EndProject
Project("{FAE04EC0-301F-11D3-BF4B-00C04F79EFBC}") = "ConvertMaps", "ConvertMaps\ConvertMaps.csproj", "{0D380488-D15B-4D6D-99B9-CDAA66B29C15}"
EndProject
Project("{FAE04EC0-301F-11D3-BF4B-00C04F79EFBC}") = "GameFile", "GameFile\GameFile.csproj", "{11BD3DA3-D406-43D6-BADE-278FE71566AE}"
EndProject
Project("{FAE04EC0-301F-11D3-BF4B-00C04F79EFBC}") = "Nez", "Nez.Portable\Nez.csproj", "{99102E4F-944E-42DF-BFE0-5A7720CB04EF}"
EndProject
Global
	GlobalSection(SolutionConfigurationPlatforms) = preSolution
		Debug|Any CPU = Debug|Any CPU
		Release|Any CPU = Release|Any CPU
	EndGlobalSection
	GlobalSection(ProjectConfigurationPlatforms) = postSolution
		{4831E7C3-6114-4F19-9FED-BC4D57A9E95A}.Debug|Any CPU.ActiveCfg = Debug|Any CPU
		{4831E7C3-6114-4F19-9FED-BC4D57A9E95A}.Debug|Any CPU.Build.0 = Debug|Any CPU
		{4831E7C3-6114-4F19-9FED-BC4D57A9E95A}.Release|Any CPU.ActiveCfg = Release|Any CPU
		{4831E7C3-6114-4F19-9FED-BC4D57A9E95A}.Release|Any CPU.Build.0 = Release|Any CPU
		{0D380488-D15B-4D6D-99B9-CDAA66B29C15}.Debug|Any CPU.ActiveCfg = Debug|Any CPU
		{0D380488-D15B-4D6D-99B9-CDAA66B29C15}.Debug|Any CPU.Build.0 = Debug|Any CPU
		{0D380488-D15B-4D6D-99B9-CDAA66B29C15}.Release|Any CPU.ActiveCfg = Release|Any CPU
		{0D380488-D15B-4D6D-99B9-CDAA66B29C15}.Release|Any CPU.Build.0 = Release|Any CPU
		{11BD3DA3-D406-43D6-BADE-278FE71566AE}.Debug|Any CPU.ActiveCfg = Debug|Any CPU
		{11BD3DA3-D406-43D6-BADE-278FE71566AE}.Debug|Any CPU.Build.0 = Debug|Any CPU
		{11BD3DA3-D406-43D6-BADE-278FE71566AE}.Release|Any CPU.ActiveCfg = Release|Any CPU
		{11BD3DA3-D406-43D6-BADE-278FE71566AE}.Release|Any CPU.Build.0 = Release|Any CPU
		{99102E4F-944E-42DF-BFE0-5A7720CB04EF}.Debug|Any CPU.ActiveCfg = Debug|Any CPU
		{99102E4F-944E-42DF-BFE0-5A7720CB04EF}.Debug|Any CPU.Build.0 = Debug|Any CPU
		{99102E4F-944E-42DF-BFE0-5A7720CB04EF}.Release|Any CPU.ActiveCfg = Release|Any CPU
		{99102E4F-944E-42DF-BFE0-5A7720CB04EF}.Release|Any CPU.Build.0 = Release|Any CPU
	EndGlobalSection
EndGlobal
